// !$*UTF8*$!
{
	archiveVersion = 1;
	classes = {
	};
	objectVersion = 46;
	objects = {

/* Begin PBXBuildFile section */
		DAA29F812DDE4635A6292BC6 /* libPods-CSVImporter.a in Frameworks */ = {isa = PBXBuildFile; fileRef = EE949FE71CAC43668C92A901 /* libPods-CSVImporter.a */; };
		ED3B1452177485AD00213826 /* UIKit.framework in Frameworks */ = {isa = PBXBuildFile; fileRef = ED3B1451177485AD00213826 /* UIKit.framework */; };
		ED3B1454177485AD00213826 /* Foundation.framework in Frameworks */ = {isa = PBXBuildFile; fileRef = ED3B1453177485AD00213826 /* Foundation.framework */; };
		ED3B1456177485AD00213826 /* CoreGraphics.framework in Frameworks */ = {isa = PBXBuildFile; fileRef = ED3B1455177485AD00213826 /* CoreGraphics.framework */; };
		ED3B145E177485AD00213826 /* main.m in Sources */ = {isa = PBXBuildFile; fileRef = ED3B145D177485AD00213826 /* main.m */; };
		ED3B1462177485AD00213826 /* NFAppDelegate.m in Sources */ = {isa = PBXBuildFile; fileRef = ED3B1461177485AD00213826 /* NFAppDelegate.m */; };
		ED3B1464177485AD00213826 /* Default.png in Resources */ = {isa = PBXBuildFile; fileRef = ED3B1463177485AD00213826 /* Default.png */; };
		ED3B1466177485AD00213826 /* Default@2x.png in Resources */ = {isa = PBXBuildFile; fileRef = ED3B1465177485AD00213826 /* Default@2x.png */; };
		ED3B1468177485AD00213826 /* Default-568h@2x.png in Resources */ = {isa = PBXBuildFile; fileRef = ED3B1467177485AD00213826 /* Default-568h@2x.png */; };
		ED50D50E17788984000C0FB3 /* NFIgrejaListCell.m in Sources */ = {isa = PBXBuildFile; fileRef = ED50D50D17788984000C0FB3 /* NFIgrejaListCell.m */; };
		ED50D51117788B54000C0FB3 /* NFIgrejaListViewController.m in Sources */ = {isa = PBXBuildFile; fileRef = ED50D51017788B54000C0FB3 /* NFIgrejaListViewController.m */; };
		ED50D5151778C5C9000C0FB3 /* NSString+NFNormalizing.m in Sources */ = {isa = PBXBuildFile; fileRef = ED50D5141778C5C9000C0FB3 /* NSString+NFNormalizing.m */; };
		ED5B62F4177A3AE800068D33 /* _NFDailyEvent.m in Sources */ = {isa = PBXBuildFile; fileRef = ED5B62F3177A3AE800068D33 /* _NFDailyEvent.m */; };
		ED5B62F7177A3AF300068D33 /* NFDailyEvent.m in Sources */ = {isa = PBXBuildFile; fileRef = ED5B62F6177A3AF300068D33 /* NFDailyEvent.m */; };
		ED5B62F8177A3B4900068D33 /* NFDailyEvent.m in Sources */ = {isa = PBXBuildFile; fileRef = ED5B62F6177A3AF300068D33 /* NFDailyEvent.m */; };
		ED5B62F9177A3B5000068D33 /* _NFDailyEvent.m in Sources */ = {isa = PBXBuildFile; fileRef = ED5B62F3177A3AE800068D33 /* _NFDailyEvent.m */; };
		ED6B2F3817748BBE00EA66D0 /* NFCoreDataStackManager+Import.m in Sources */ = {isa = PBXBuildFile; fileRef = ED6B2F3617748BBE00EA66D0 /* NFCoreDataStackManager+Import.m */; };
		ED6B2F3917748BDD00EA66D0 /* _NFEvent.m in Sources */ = {isa = PBXBuildFile; fileRef = EDD33FBE17748748000CDF87 /* _NFEvent.m */; };
		ED6B2F3A17748BDD00EA66D0 /* _NFIgreja.m in Sources */ = {isa = PBXBuildFile; fileRef = EDD33FC017748748000CDF87 /* _NFIgreja.m */; };
		ED6B2F3B17748BDD00EA66D0 /* _NFMonthlyEvent.m in Sources */ = {isa = PBXBuildFile; fileRef = EDD33FC217748748000CDF87 /* _NFMonthlyEvent.m */; };
		ED6B2F3C17748BDD00EA66D0 /* _NFWeeklyEvent.m in Sources */ = {isa = PBXBuildFile; fileRef = EDD33FC417748748000CDF87 /* _NFWeeklyEvent.m */; };
		ED6B2F3D17748BDD00EA66D0 /* _NFYearlyEvent.m in Sources */ = {isa = PBXBuildFile; fileRef = EDD33FC617748748000CDF87 /* _NFYearlyEvent.m */; };
		ED6B2F3E17748BDD00EA66D0 /* NFCoreDataStackManager.m in Sources */ = {isa = PBXBuildFile; fileRef = EDD33FA7177486E8000CDF87 /* NFCoreDataStackManager.m */; };
		ED6B2F3F17748BDD00EA66D0 /* NFEvent.m in Sources */ = {isa = PBXBuildFile; fileRef = EDD33FA9177486E8000CDF87 /* NFEvent.m */; };
		ED6B2F4017748BDD00EA66D0 /* NFIgreja.m in Sources */ = {isa = PBXBuildFile; fileRef = EDD33FAB177486E8000CDF87 /* NFIgreja.m */; };
		ED6B2F4117748BDD00EA66D0 /* NFMonthlyEvent.m in Sources */ = {isa = PBXBuildFile; fileRef = EDD33FAD177486E8000CDF87 /* NFMonthlyEvent.m */; };
		ED6B2F4217748BDD00EA66D0 /* NFWeeklyEvent.m in Sources */ = {isa = PBXBuildFile; fileRef = EDD33FAF177486E8000CDF87 /* NFWeeklyEvent.m */; };
		ED6B2F4317748BDD00EA66D0 /* NFYearlyEvent.m in Sources */ = {isa = PBXBuildFile; fileRef = EDD33FB1177486E8000CDF87 /* NFYearlyEvent.m */; };
		ED6B2F4417748BE300EA66D0 /* Model.xcdatamodeld in Sources */ = {isa = PBXBuildFile; fileRef = EDD33FB91774872C000CDF87 /* Model.xcdatamodeld */; };
		ED6B2F4517748BF900EA66D0 /* CoreData.framework in Frameworks */ = {isa = PBXBuildFile; fileRef = EDB2025E177487DC00AB8CFD /* CoreData.framework */; };
		ED6B2F4917748C1E00EA66D0 /* events.csv in Resources */ = {isa = PBXBuildFile; fileRef = ED6B2F4717748C1E00EA66D0 /* events.csv */; };
		ED6B2F4A17748C1E00EA66D0 /* igrejas.csv in Resources */ = {isa = PBXBuildFile; fileRef = ED6B2F4817748C1E00EA66D0 /* igrejas.csv */; };
		EDB2025F177487DC00AB8CFD /* CoreData.framework in Frameworks */ = {isa = PBXBuildFile; fileRef = EDB2025E177487DC00AB8CFD /* CoreData.framework */; };
		EDB202A51774892D00AB8CFD /* UIKit.framework in Frameworks */ = {isa = PBXBuildFile; fileRef = ED3B1451177485AD00213826 /* UIKit.framework */; };
		EDB202A61774892D00AB8CFD /* Foundation.framework in Frameworks */ = {isa = PBXBuildFile; fileRef = ED3B1453177485AD00213826 /* Foundation.framework */; };
		EDB202A71774892D00AB8CFD /* CoreGraphics.framework in Frameworks */ = {isa = PBXBuildFile; fileRef = ED3B1455177485AD00213826 /* CoreGraphics.framework */; };
		EDB202AF1774892E00AB8CFD /* main.m in Sources */ = {isa = PBXBuildFile; fileRef = EDB202AE1774892E00AB8CFD /* main.m */; };
		EDB202B31774892E00AB8CFD /* NFAppDelegate.m in Sources */ = {isa = PBXBuildFile; fileRef = EDB202B21774892E00AB8CFD /* NFAppDelegate.m */; };
		EDD33FB2177486E8000CDF87 /* NFCoreDataStackManager.m in Sources */ = {isa = PBXBuildFile; fileRef = EDD33FA7177486E8000CDF87 /* NFCoreDataStackManager.m */; };
		EDD33FB3177486E8000CDF87 /* NFEvent.m in Sources */ = {isa = PBXBuildFile; fileRef = EDD33FA9177486E8000CDF87 /* NFEvent.m */; };
		EDD33FB4177486E8000CDF87 /* NFIgreja.m in Sources */ = {isa = PBXBuildFile; fileRef = EDD33FAB177486E8000CDF87 /* NFIgreja.m */; };
		EDD33FB5177486E8000CDF87 /* NFMonthlyEvent.m in Sources */ = {isa = PBXBuildFile; fileRef = EDD33FAD177486E8000CDF87 /* NFMonthlyEvent.m */; };
		EDD33FB6177486E8000CDF87 /* NFWeeklyEvent.m in Sources */ = {isa = PBXBuildFile; fileRef = EDD33FAF177486E8000CDF87 /* NFWeeklyEvent.m */; };
		EDD33FB7177486E8000CDF87 /* NFYearlyEvent.m in Sources */ = {isa = PBXBuildFile; fileRef = EDD33FB1177486E8000CDF87 /* NFYearlyEvent.m */; };
		EDD33FBB1774872C000CDF87 /* Model.xcdatamodeld in Sources */ = {isa = PBXBuildFile; fileRef = EDD33FB91774872C000CDF87 /* Model.xcdatamodeld */; };
		EDD33FC717748748000CDF87 /* _NFEvent.m in Sources */ = {isa = PBXBuildFile; fileRef = EDD33FBE17748748000CDF87 /* _NFEvent.m */; };
		EDD33FC817748748000CDF87 /* _NFIgreja.m in Sources */ = {isa = PBXBuildFile; fileRef = EDD33FC017748748000CDF87 /* _NFIgreja.m */; };
		EDD33FC917748748000CDF87 /* _NFMonthlyEvent.m in Sources */ = {isa = PBXBuildFile; fileRef = EDD33FC217748748000CDF87 /* _NFMonthlyEvent.m */; };
		EDD33FCA17748748000CDF87 /* _NFWeeklyEvent.m in Sources */ = {isa = PBXBuildFile; fileRef = EDD33FC417748748000CDF87 /* _NFWeeklyEvent.m */; };
		EDD33FCB17748748000CDF87 /* _NFYearlyEvent.m in Sources */ = {isa = PBXBuildFile; fileRef = EDD33FC617748748000CDF87 /* _NFYearlyEvent.m */; };
		EDD967B51779DC8D00F9FC93 /* CLLocation+NFDefaultLocation.m in Sources */ = {isa = PBXBuildFile; fileRef = EDD967B41779DC8D00F9FC93 /* CLLocation+NFDefaultLocation.m */; };
		EDD967B81779DE3D00F9FC93 /* NFMissaListViewController.m in Sources */ = {isa = PBXBuildFile; fileRef = EDD967B71779DE3D00F9FC93 /* NFMissaListViewController.m */; };
		EDD967BB1779DEA200F9FC93 /* NFMissaListCell.m in Sources */ = {isa = PBXBuildFile; fileRef = EDD967BA1779DEA200F9FC93 /* NFMissaListCell.m */; };
		EDD967BC177A333400F9FC93 /* NSString+NFNormalizing.m in Sources */ = {isa = PBXBuildFile; fileRef = ED50D5141778C5C9000C0FB3 /* NSString+NFNormalizing.m */; };
		EDFEE65F1774E905002F886A /* Storyboard.storyboard in Resources */ = {isa = PBXBuildFile; fileRef = EDFEE65E1774E905002F886A /* Storyboard.storyboard */; };
		EDFEE6611774EB4E002F886A /* MapKit.framework in Frameworks */ = {isa = PBXBuildFile; fileRef = EDFEE6601774EB4E002F886A /* MapKit.framework */; };
		EDFEE6681774FCDE002F886A /* CoreLocation.framework in Frameworks */ = {isa = PBXBuildFile; fileRef = EDFEE6671774FCDE002F886A /* CoreLocation.framework */; };
		EDFEE66A17750205002F886A /* IgrejasRio.sqlite in Resources */ = {isa = PBXBuildFile; fileRef = EDFEE66917750205002F886A /* IgrejasRio.sqlite */; };
/* End PBXBuildFile section */

/* Begin PBXFileReference section */
		84D4C8D5036043E092B4300C /* Pods-CSVImporter.xcconfig */ = {isa = PBXFileReference; includeInIndex = 1; lastKnownFileType = text.xcconfig; name = "Pods-CSVImporter.xcconfig"; path = "Pods/Pods-CSVImporter.xcconfig"; sourceTree = SOURCE_ROOT; };
		ED3B144E177485AD00213826 /* IgrejasRio.app */ = {isa = PBXFileReference; explicitFileType = wrapper.application; includeInIndex = 0; path = IgrejasRio.app; sourceTree = BUILT_PRODUCTS_DIR; };
		ED3B1451177485AD00213826 /* UIKit.framework */ = {isa = PBXFileReference; lastKnownFileType = wrapper.framework; name = UIKit.framework; path = System/Library/Frameworks/UIKit.framework; sourceTree = SDKROOT; };
		ED3B1453177485AD00213826 /* Foundation.framework */ = {isa = PBXFileReference; lastKnownFileType = wrapper.framework; name = Foundation.framework; path = System/Library/Frameworks/Foundation.framework; sourceTree = SDKROOT; };
		ED3B1455177485AD00213826 /* CoreGraphics.framework */ = {isa = PBXFileReference; lastKnownFileType = wrapper.framework; name = CoreGraphics.framework; path = System/Library/Frameworks/CoreGraphics.framework; sourceTree = SDKROOT; };
		ED3B1459177485AD00213826 /* IgrejasRio-Info.plist */ = {isa = PBXFileReference; lastKnownFileType = text.plist.xml; path = "IgrejasRio-Info.plist"; sourceTree = "<group>"; };
		ED3B145D177485AD00213826 /* main.m */ = {isa = PBXFileReference; lastKnownFileType = sourcecode.c.objc; path = main.m; sourceTree = "<group>"; };
		ED3B145F177485AD00213826 /* IgrejasRio-Prefix.pch */ = {isa = PBXFileReference; lastKnownFileType = sourcecode.c.h; path = "IgrejasRio-Prefix.pch"; sourceTree = "<group>"; };
		ED3B1460177485AD00213826 /* NFAppDelegate.h */ = {isa = PBXFileReference; lastKnownFileType = sourcecode.c.h; path = NFAppDelegate.h; sourceTree = "<group>"; };
		ED3B1461177485AD00213826 /* NFAppDelegate.m */ = {isa = PBXFileReference; lastKnownFileType = sourcecode.c.objc; path = NFAppDelegate.m; sourceTree = "<group>"; };
		ED3B1463177485AD00213826 /* Default.png */ = {isa = PBXFileReference; lastKnownFileType = image.png; path = Default.png; sourceTree = "<group>"; };
		ED3B1465177485AD00213826 /* Default@2x.png */ = {isa = PBXFileReference; lastKnownFileType = image.png; path = "Default@2x.png"; sourceTree = "<group>"; };
		ED3B1467177485AD00213826 /* Default-568h@2x.png */ = {isa = PBXFileReference; lastKnownFileType = image.png; path = "Default-568h@2x.png"; sourceTree = "<group>"; };
		ED50D50C17788984000C0FB3 /* NFIgrejaListCell.h */ = {isa = PBXFileReference; fileEncoding = 4; lastKnownFileType = sourcecode.c.h; path = NFIgrejaListCell.h; sourceTree = "<group>"; };
		ED50D50D17788984000C0FB3 /* NFIgrejaListCell.m */ = {isa = PBXFileReference; fileEncoding = 4; lastKnownFileType = sourcecode.c.objc; path = NFIgrejaListCell.m; sourceTree = "<group>"; };
		ED50D50F17788B54000C0FB3 /* NFIgrejaListViewController.h */ = {isa = PBXFileReference; fileEncoding = 4; lastKnownFileType = sourcecode.c.h; path = NFIgrejaListViewController.h; sourceTree = "<group>"; };
		ED50D51017788B54000C0FB3 /* NFIgrejaListViewController.m */ = {isa = PBXFileReference; fileEncoding = 4; lastKnownFileType = sourcecode.c.objc; path = NFIgrejaListViewController.m; sourceTree = "<group>"; };
		ED50D5131778C5C9000C0FB3 /* NSString+NFNormalizing.h */ = {isa = PBXFileReference; fileEncoding = 4; lastKnownFileType = sourcecode.c.h; name = "NSString+NFNormalizing.h"; path = "../../../NetFilter/netfilter-git/NetFilter/NSString+NFNormalizing.h"; sourceTree = "<group>"; };
		ED50D5141778C5C9000C0FB3 /* NSString+NFNormalizing.m */ = {isa = PBXFileReference; fileEncoding = 4; lastKnownFileType = sourcecode.c.objc; name = "NSString+NFNormalizing.m"; path = "../../../NetFilter/netfilter-git/NetFilter/NSString+NFNormalizing.m"; sourceTree = "<group>"; };
		ED5B62F2177A3AE800068D33 /* _NFDailyEvent.h */ = {isa = PBXFileReference; fileEncoding = 4; lastKnownFileType = sourcecode.c.h; path = _NFDailyEvent.h; sourceTree = "<group>"; };
		ED5B62F3177A3AE800068D33 /* _NFDailyEvent.m */ = {isa = PBXFileReference; fileEncoding = 4; lastKnownFileType = sourcecode.c.objc; path = _NFDailyEvent.m; sourceTree = "<group>"; };
		ED5B62F5177A3AF300068D33 /* NFDailyEvent.h */ = {isa = PBXFileReference; fileEncoding = 4; lastKnownFileType = sourcecode.c.h; path = NFDailyEvent.h; sourceTree = "<group>"; };
		ED5B62F6177A3AF300068D33 /* NFDailyEvent.m */ = {isa = PBXFileReference; fileEncoding = 4; lastKnownFileType = sourcecode.c.objc; path = NFDailyEvent.m; sourceTree = "<group>"; };
		ED6B2F3617748BBE00EA66D0 /* NFCoreDataStackManager+Import.m */ = {isa = PBXFileReference; fileEncoding = 4; lastKnownFileType = sourcecode.c.objc; path = "NFCoreDataStackManager+Import.m"; sourceTree = "<group>"; };
		ED6B2F3717748BBE00EA66D0 /* NFCoreDataStackManager+Import.h */ = {isa = PBXFileReference; fileEncoding = 4; lastKnownFileType = sourcecode.c.h; path = "NFCoreDataStackManager+Import.h"; sourceTree = "<group>"; };
		ED6B2F4717748C1E00EA66D0 /* events.csv */ = {isa = PBXFileReference; fileEncoding = 4; lastKnownFileType = text; path = events.csv; sourceTree = "<group>"; };
		ED6B2F4817748C1E00EA66D0 /* igrejas.csv */ = {isa = PBXFileReference; fileEncoding = 4; lastKnownFileType = text; path = igrejas.csv; sourceTree = "<group>"; };
		EDB2025E177487DC00AB8CFD /* CoreData.framework */ = {isa = PBXFileReference; lastKnownFileType = wrapper.framework; name = CoreData.framework; path = System/Library/Frameworks/CoreData.framework; sourceTree = SDKROOT; };
		EDB202A41774892D00AB8CFD /* CSVImporter.app */ = {isa = PBXFileReference; explicitFileType = wrapper.application; includeInIndex = 0; path = CSVImporter.app; sourceTree = BUILT_PRODUCTS_DIR; };
		EDB202AA1774892E00AB8CFD /* CSVImporter-Info.plist */ = {isa = PBXFileReference; lastKnownFileType = text.plist.xml; path = "CSVImporter-Info.plist"; sourceTree = "<group>"; };
		EDB202AE1774892E00AB8CFD /* main.m */ = {isa = PBXFileReference; lastKnownFileType = sourcecode.c.objc; path = main.m; sourceTree = "<group>"; };
		EDB202B01774892E00AB8CFD /* CSVImporter-Prefix.pch */ = {isa = PBXFileReference; lastKnownFileType = sourcecode.c.h; path = "CSVImporter-Prefix.pch"; sourceTree = "<group>"; };
		EDB202B11774892E00AB8CFD /* NFAppDelegate.h */ = {isa = PBXFileReference; lastKnownFileType = sourcecode.c.h; path = NFAppDelegate.h; sourceTree = "<group>"; };
		EDB202B21774892E00AB8CFD /* NFAppDelegate.m */ = {isa = PBXFileReference; lastKnownFileType = sourcecode.c.objc; path = NFAppDelegate.m; sourceTree = "<group>"; };
		EDD33FA6177486E8000CDF87 /* NFCoreDataStackManager.h */ = {isa = PBXFileReference; fileEncoding = 4; lastKnownFileType = sourcecode.c.h; path = NFCoreDataStackManager.h; sourceTree = "<group>"; };
		EDD33FA7177486E8000CDF87 /* NFCoreDataStackManager.m */ = {isa = PBXFileReference; fileEncoding = 4; lastKnownFileType = sourcecode.c.objc; path = NFCoreDataStackManager.m; sourceTree = "<group>"; };
		EDD33FA8177486E8000CDF87 /* NFEvent.h */ = {isa = PBXFileReference; fileEncoding = 4; lastKnownFileType = sourcecode.c.h; path = NFEvent.h; sourceTree = "<group>"; };
		EDD33FA9177486E8000CDF87 /* NFEvent.m */ = {isa = PBXFileReference; fileEncoding = 4; lastKnownFileType = sourcecode.c.objc; path = NFEvent.m; sourceTree = "<group>"; };
		EDD33FAA177486E8000CDF87 /* NFIgreja.h */ = {isa = PBXFileReference; fileEncoding = 4; lastKnownFileType = sourcecode.c.h; path = NFIgreja.h; sourceTree = "<group>"; };
		EDD33FAB177486E8000CDF87 /* NFIgreja.m */ = {isa = PBXFileReference; fileEncoding = 4; lastKnownFileType = sourcecode.c.objc; path = NFIgreja.m; sourceTree = "<group>"; };
		EDD33FAC177486E8000CDF87 /* NFMonthlyEvent.h */ = {isa = PBXFileReference; fileEncoding = 4; lastKnownFileType = sourcecode.c.h; path = NFMonthlyEvent.h; sourceTree = "<group>"; };
		EDD33FAD177486E8000CDF87 /* NFMonthlyEvent.m */ = {isa = PBXFileReference; fileEncoding = 4; lastKnownFileType = sourcecode.c.objc; path = NFMonthlyEvent.m; sourceTree = "<group>"; };
		EDD33FAE177486E8000CDF87 /* NFWeeklyEvent.h */ = {isa = PBXFileReference; fileEncoding = 4; lastKnownFileType = sourcecode.c.h; path = NFWeeklyEvent.h; sourceTree = "<group>"; };
		EDD33FAF177486E8000CDF87 /* NFWeeklyEvent.m */ = {isa = PBXFileReference; fileEncoding = 4; lastKnownFileType = sourcecode.c.objc; path = NFWeeklyEvent.m; sourceTree = "<group>"; };
		EDD33FB0177486E8000CDF87 /* NFYearlyEvent.h */ = {isa = PBXFileReference; fileEncoding = 4; lastKnownFileType = sourcecode.c.h; path = NFYearlyEvent.h; sourceTree = "<group>"; };
		EDD33FB1177486E8000CDF87 /* NFYearlyEvent.m */ = {isa = PBXFileReference; fileEncoding = 4; lastKnownFileType = sourcecode.c.objc; path = NFYearlyEvent.m; sourceTree = "<group>"; };
		EDD33FBA1774872C000CDF87 /* Model.xcdatamodel */ = {isa = PBXFileReference; lastKnownFileType = wrapper.xcdatamodel; path = Model.xcdatamodel; sourceTree = "<group>"; };
		EDD33FBD17748748000CDF87 /* _NFEvent.h */ = {isa = PBXFileReference; fileEncoding = 4; lastKnownFileType = sourcecode.c.h; path = _NFEvent.h; sourceTree = "<group>"; };
		EDD33FBE17748748000CDF87 /* _NFEvent.m */ = {isa = PBXFileReference; fileEncoding = 4; lastKnownFileType = sourcecode.c.objc; path = _NFEvent.m; sourceTree = "<group>"; };
		EDD33FBF17748748000CDF87 /* _NFIgreja.h */ = {isa = PBXFileReference; fileEncoding = 4; lastKnownFileType = sourcecode.c.h; path = _NFIgreja.h; sourceTree = "<group>"; };
		EDD33FC017748748000CDF87 /* _NFIgreja.m */ = {isa = PBXFileReference; fileEncoding = 4; lastKnownFileType = sourcecode.c.objc; path = _NFIgreja.m; sourceTree = "<group>"; };
		EDD33FC117748748000CDF87 /* _NFMonthlyEvent.h */ = {isa = PBXFileReference; fileEncoding = 4; lastKnownFileType = sourcecode.c.h; path = _NFMonthlyEvent.h; sourceTree = "<group>"; };
		EDD33FC217748748000CDF87 /* _NFMonthlyEvent.m */ = {isa = PBXFileReference; fileEncoding = 4; lastKnownFileType = sourcecode.c.objc; path = _NFMonthlyEvent.m; sourceTree = "<group>"; };
		EDD33FC317748748000CDF87 /* _NFWeeklyEvent.h */ = {isa = PBXFileReference; fileEncoding = 4; lastKnownFileType = sourcecode.c.h; path = _NFWeeklyEvent.h; sourceTree = "<group>"; };
		EDD33FC417748748000CDF87 /* _NFWeeklyEvent.m */ = {isa = PBXFileReference; fileEncoding = 4; lastKnownFileType = sourcecode.c.objc; path = _NFWeeklyEvent.m; sourceTree = "<group>"; };
		EDD33FC517748748000CDF87 /* _NFYearlyEvent.h */ = {isa = PBXFileReference; fileEncoding = 4; lastKnownFileType = sourcecode.c.h; path = _NFYearlyEvent.h; sourceTree = "<group>"; };
		EDD33FC617748748000CDF87 /* _NFYearlyEvent.m */ = {isa = PBXFileReference; fileEncoding = 4; lastKnownFileType = sourcecode.c.objc; path = _NFYearlyEvent.m; sourceTree = "<group>"; };
		EDD967B31779DC8D00F9FC93 /* CLLocation+NFDefaultLocation.h */ = {isa = PBXFileReference; fileEncoding = 4; lastKnownFileType = sourcecode.c.h; path = "CLLocation+NFDefaultLocation.h"; sourceTree = "<group>"; };
		EDD967B41779DC8D00F9FC93 /* CLLocation+NFDefaultLocation.m */ = {isa = PBXFileReference; fileEncoding = 4; lastKnownFileType = sourcecode.c.objc; path = "CLLocation+NFDefaultLocation.m"; sourceTree = "<group>"; };
		EDD967B61779DE3D00F9FC93 /* NFMissaListViewController.h */ = {isa = PBXFileReference; fileEncoding = 4; lastKnownFileType = sourcecode.c.h; path = NFMissaListViewController.h; sourceTree = "<group>"; };
		EDD967B71779DE3D00F9FC93 /* NFMissaListViewController.m */ = {isa = PBXFileReference; fileEncoding = 4; lastKnownFileType = sourcecode.c.objc; path = NFMissaListViewController.m; sourceTree = "<group>"; };
		EDD967B91779DEA200F9FC93 /* NFMissaListCell.h */ = {isa = PBXFileReference; fileEncoding = 4; lastKnownFileType = sourcecode.c.h; path = NFMissaListCell.h; sourceTree = "<group>"; };
		EDD967BA1779DEA200F9FC93 /* NFMissaListCell.m */ = {isa = PBXFileReference; fileEncoding = 4; lastKnownFileType = sourcecode.c.objc; path = NFMissaListCell.m; sourceTree = "<group>"; };
		EDFEE65E1774E905002F886A /* Storyboard.storyboard */ = {isa = PBXFileReference; fileEncoding = 4; lastKnownFileType = file.storyboard; path = Storyboard.storyboard; sourceTree = "<group>"; };
		EDFEE6601774EB4E002F886A /* MapKit.framework */ = {isa = PBXFileReference; lastKnownFileType = wrapper.framework; name = MapKit.framework; path = System/Library/Frameworks/MapKit.framework; sourceTree = SDKROOT; };
		EDFEE6671774FCDE002F886A /* CoreLocation.framework */ = {isa = PBXFileReference; lastKnownFileType = wrapper.framework; name = CoreLocation.framework; path = System/Library/Frameworks/CoreLocation.framework; sourceTree = SDKROOT; };
		EDFEE66917750205002F886A /* IgrejasRio.sqlite */ = {isa = PBXFileReference; lastKnownFileType = file; path = IgrejasRio.sqlite; sourceTree = "<group>"; };
		EE949FE71CAC43668C92A901 /* libPods-CSVImporter.a */ = {isa = PBXFileReference; explicitFileType = archive.ar; includeInIndex = 0; path = "libPods-CSVImporter.a"; sourceTree = BUILT_PRODUCTS_DIR; };
/* End PBXFileReference section */

/* Begin PBXFrameworksBuildPhase section */
		ED3B144B177485AD00213826 /* Frameworks */ = {
			isa = PBXFrameworksBuildPhase;
			buildActionMask = 2147483647;
			files = (
				EDFEE6681774FCDE002F886A /* CoreLocation.framework in Frameworks */,
				EDFEE6611774EB4E002F886A /* MapKit.framework in Frameworks */,
				EDB2025F177487DC00AB8CFD /* CoreData.framework in Frameworks */,
				ED3B1452177485AD00213826 /* UIKit.framework in Frameworks */,
				ED3B1454177485AD00213826 /* Foundation.framework in Frameworks */,
				ED3B1456177485AD00213826 /* CoreGraphics.framework in Frameworks */,
			);
			runOnlyForDeploymentPostprocessing = 0;
		};
		EDB202A11774892D00AB8CFD /* Frameworks */ = {
			isa = PBXFrameworksBuildPhase;
			buildActionMask = 2147483647;
			files = (
				ED6B2F4517748BF900EA66D0 /* CoreData.framework in Frameworks */,
				EDB202A51774892D00AB8CFD /* UIKit.framework in Frameworks */,
				EDB202A61774892D00AB8CFD /* Foundation.framework in Frameworks */,
				EDB202A71774892D00AB8CFD /* CoreGraphics.framework in Frameworks */,
				DAA29F812DDE4635A6292BC6 /* libPods-CSVImporter.a in Frameworks */,
			);
			runOnlyForDeploymentPostprocessing = 0;
		};
/* End PBXFrameworksBuildPhase section */

/* Begin PBXGroup section */
		ED3B1445177485AC00213826 = {
			isa = PBXGroup;
			children = (
				ED3B1457177485AD00213826 /* IgrejasRio */,
				EDB202A81774892D00AB8CFD /* CSVImporter */,
				ED3B1450177485AD00213826 /* Frameworks */,
				ED3B144F177485AD00213826 /* Products */,
				84D4C8D5036043E092B4300C /* Pods-CSVImporter.xcconfig */,
			);
			sourceTree = "<group>";
		};
		ED3B144F177485AD00213826 /* Products */ = {
			isa = PBXGroup;
			children = (
				ED3B144E177485AD00213826 /* IgrejasRio.app */,
				EDB202A41774892D00AB8CFD /* CSVImporter.app */,
			);
			name = Products;
			sourceTree = "<group>";
		};
		ED3B1450177485AD00213826 /* Frameworks */ = {
			isa = PBXGroup;
			children = (
				EE949FE71CAC43668C92A901 /* libPods-CSVImporter.a */,
				EDB2025E177487DC00AB8CFD /* CoreData.framework */,
				ED3B1455177485AD00213826 /* CoreGraphics.framework */,
				EDFEE6671774FCDE002F886A /* CoreLocation.framework */,
				ED3B1453177485AD00213826 /* Foundation.framework */,
				EDFEE6601774EB4E002F886A /* MapKit.framework */,
				ED3B1451177485AD00213826 /* UIKit.framework */,
			);
			name = Frameworks;
			sourceTree = "<group>";
		};
		ED3B1457177485AD00213826 /* IgrejasRio */ = {
			isa = PBXGroup;
			children = (
				EDD33FB8177486EF000CDF87 /* Model */,
				EDFEE6651774EC52002F886A /* Controllers */,
				EDFEE6661774EC58002F886A /* Views */,
				ED3B1458177485AD00213826 /* Supporting Files */,
			);
			path = IgrejasRio;
			sourceTree = "<group>";
		};
		ED3B1458177485AD00213826 /* Supporting Files */ = {
			isa = PBXGroup;
			children = (
				ED3B1467177485AD00213826 /* Default-568h@2x.png */,
				ED3B1463177485AD00213826 /* Default.png */,
				ED3B1465177485AD00213826 /* Default@2x.png */,
				ED3B1459177485AD00213826 /* IgrejasRio-Info.plist */,
				ED3B145F177485AD00213826 /* IgrejasRio-Prefix.pch */,
				ED3B145D177485AD00213826 /* main.m */,
			);
			name = "Supporting Files";
			sourceTree = "<group>";
		};
		ED6B2F4617748C1E00EA66D0 /* CSV */ = {
			isa = PBXGroup;
			children = (
				ED6B2F4717748C1E00EA66D0 /* events.csv */,
				ED6B2F4817748C1E00EA66D0 /* igrejas.csv */,
			);
			path = CSV;
			sourceTree = "<group>";
		};
		EDB202A81774892D00AB8CFD /* CSVImporter */ = {
			isa = PBXGroup;
			children = (
				ED6B2F4617748C1E00EA66D0 /* CSV */,
				EDB202B11774892E00AB8CFD /* NFAppDelegate.h */,
				EDB202B21774892E00AB8CFD /* NFAppDelegate.m */,
				ED6B2F3717748BBE00EA66D0 /* NFCoreDataStackManager+Import.h */,
				ED6B2F3617748BBE00EA66D0 /* NFCoreDataStackManager+Import.m */,
				EDB202A91774892D00AB8CFD /* Supporting Files */,
			);
			path = CSVImporter;
			sourceTree = "<group>";
		};
		EDB202A91774892D00AB8CFD /* Supporting Files */ = {
			isa = PBXGroup;
			children = (
				EDB202AA1774892E00AB8CFD /* CSVImporter-Info.plist */,
				EDB202B01774892E00AB8CFD /* CSVImporter-Prefix.pch */,
				EDB202AE1774892E00AB8CFD /* main.m */,
			);
			name = "Supporting Files";
			sourceTree = "<group>";
		};
		EDD33FB8177486EF000CDF87 /* Model */ = {
			isa = PBXGroup;
			children = (
				EDD967B31779DC8D00F9FC93 /* CLLocation+NFDefaultLocation.h */,
				EDD967B41779DC8D00F9FC93 /* CLLocation+NFDefaultLocation.m */,
				EDFEE66B17750210002F886A /* Core Data */,
				EDD33FBC17748748000CDF87 /* mogenerator */,
				EDD33FA6177486E8000CDF87 /* NFCoreDataStackManager.h */,
				EDD33FA7177486E8000CDF87 /* NFCoreDataStackManager.m */,
				ED5B62F5177A3AF300068D33 /* NFDailyEvent.h */,
				ED5B62F6177A3AF300068D33 /* NFDailyEvent.m */,
				EDD33FA8177486E8000CDF87 /* NFEvent.h */,
				EDD33FA9177486E8000CDF87 /* NFEvent.m */,
				EDD33FAA177486E8000CDF87 /* NFIgreja.h */,
				EDD33FAB177486E8000CDF87 /* NFIgreja.m */,
				EDD33FAC177486E8000CDF87 /* NFMonthlyEvent.h */,
				EDD33FAD177486E8000CDF87 /* NFMonthlyEvent.m */,
				EDD33FAE177486E8000CDF87 /* NFWeeklyEvent.h */,
				EDD33FAF177486E8000CDF87 /* NFWeeklyEvent.m */,
				EDD33FB0177486E8000CDF87 /* NFYearlyEvent.h */,
				EDD33FB1177486E8000CDF87 /* NFYearlyEvent.m */,
				ED50D5131778C5C9000C0FB3 /* NSString+NFNormalizing.h */,
				ED50D5141778C5C9000C0FB3 /* NSString+NFNormalizing.m */,
			);
			name = Model;
			sourceTree = "<group>";
		};
		EDD33FBC17748748000CDF87 /* mogenerator */ = {
			isa = PBXGroup;
			children = (
				ED5B62F2177A3AE800068D33 /* _NFDailyEvent.h */,
				ED5B62F3177A3AE800068D33 /* _NFDailyEvent.m */,
				EDD33FBD17748748000CDF87 /* _NFEvent.h */,
				EDD33FBE17748748000CDF87 /* _NFEvent.m */,
				EDD33FBF17748748000CDF87 /* _NFIgreja.h */,
				EDD33FC017748748000CDF87 /* _NFIgreja.m */,
				EDD33FC117748748000CDF87 /* _NFMonthlyEvent.h */,
				EDD33FC217748748000CDF87 /* _NFMonthlyEvent.m */,
				EDD33FC317748748000CDF87 /* _NFWeeklyEvent.h */,
				EDD33FC417748748000CDF87 /* _NFWeeklyEvent.m */,
				EDD33FC517748748000CDF87 /* _NFYearlyEvent.h */,
				EDD33FC617748748000CDF87 /* _NFYearlyEvent.m */,
			);
			path = mogenerator;
			sourceTree = "<group>";
		};
		EDFEE6651774EC52002F886A /* Controllers */ = {
			isa = PBXGroup;
			children = (
				ED3B1460177485AD00213826 /* NFAppDelegate.h */,
				ED3B1461177485AD00213826 /* NFAppDelegate.m */,
				ED50D50F17788B54000C0FB3 /* NFIgrejaListViewController.h */,
				ED50D51017788B54000C0FB3 /* NFIgrejaListViewController.m */,
				EDD967B61779DE3D00F9FC93 /* NFMissaListViewController.h */,
				EDD967B71779DE3D00F9FC93 /* NFMissaListViewController.m */,
			);
			name = Controllers;
			sourceTree = "<group>";
		};
		EDFEE6661774EC58002F886A /* Views */ = {
			isa = PBXGroup;
			children = (
				ED50D50C17788984000C0FB3 /* NFIgrejaListCell.h */,
				ED50D50D17788984000C0FB3 /* NFIgrejaListCell.m */,
				EDD967B91779DEA200F9FC93 /* NFMissaListCell.h */,
				EDD967BA1779DEA200F9FC93 /* NFMissaListCell.m */,
				EDFEE65E1774E905002F886A /* Storyboard.storyboard */,
			);
			name = Views;
			sourceTree = "<group>";
		};
		EDFEE66B17750210002F886A /* Core Data */ = {
			isa = PBXGroup;
			children = (
				EDFEE66917750205002F886A /* IgrejasRio.sqlite */,
				EDD33FB91774872C000CDF87 /* Model.xcdatamodeld */,
			);
			name = "Core Data";
			sourceTree = "<group>";
		};
/* End PBXGroup section */

/* Begin PBXNativeTarget section */
		ED3B144D177485AD00213826 /* IgrejasRio */ = {
			isa = PBXNativeTarget;
			buildConfigurationList = ED3B146B177485AD00213826 /* Build configuration list for PBXNativeTarget "IgrejasRio" */;
			buildPhases = (
				ED3B144A177485AD00213826 /* Sources */,
				ED3B144B177485AD00213826 /* Frameworks */,
				ED3B144C177485AD00213826 /* Resources */,
			);
			buildRules = (
			);
			dependencies = (
			);
			name = IgrejasRio;
			productName = IgrejasRio;
			productReference = ED3B144E177485AD00213826 /* IgrejasRio.app */;
			productType = "com.apple.product-type.application";
		};
		EDB202A31774892D00AB8CFD /* CSVImporter */ = {
			isa = PBXNativeTarget;
			buildConfigurationList = EDB202BC1774892E00AB8CFD /* Build configuration list for PBXNativeTarget "CSVImporter" */;
			buildPhases = (
				4BB27C7C4C8D465E8DE30D73 /* Check Pods Manifest.lock */,
				EDB202A01774892D00AB8CFD /* Sources */,
				EDB202A11774892D00AB8CFD /* Frameworks */,
				EDB202A21774892D00AB8CFD /* Resources */,
				B7B62FBE480A4E41BBC324AD /* Copy Pods Resources */,
			);
			buildRules = (
			);
			dependencies = (
			);
			name = CSVImporter;
			productName = CSVImporter;
			productReference = EDB202A41774892D00AB8CFD /* CSVImporter.app */;
			productType = "com.apple.product-type.application";
		};
/* End PBXNativeTarget section */

/* Begin PBXProject section */
		ED3B1446177485AD00213826 /* Project object */ = {
			isa = PBXProject;
			attributes = {
				CLASSPREFIX = NF;
				LastUpgradeCheck = 0460;
				ORGANIZATIONNAME = NetFilter;
			};
			buildConfigurationList = ED3B1449177485AD00213826 /* Build configuration list for PBXProject "IgrejasRio" */;
			compatibilityVersion = "Xcode 3.2";
			developmentRegion = English;
			hasScannedForEncodings = 0;
			knownRegions = (
				en,
			);
			mainGroup = ED3B1445177485AC00213826;
			productRefGroup = ED3B144F177485AD00213826 /* Products */;
			projectDirPath = "";
			projectRoot = "";
			targets = (
				ED3B144D177485AD00213826 /* IgrejasRio */,
				EDB202A31774892D00AB8CFD /* CSVImporter */,
			);
		};
/* End PBXProject section */

/* Begin PBXResourcesBuildPhase section */
		ED3B144C177485AD00213826 /* Resources */ = {
			isa = PBXResourcesBuildPhase;
			buildActionMask = 2147483647;
			files = (
				ED3B1464177485AD00213826 /* Default.png in Resources */,
				ED3B1466177485AD00213826 /* Default@2x.png in Resources */,
				ED3B1468177485AD00213826 /* Default-568h@2x.png in Resources */,
				EDFEE65F1774E905002F886A /* Storyboard.storyboard in Resources */,
				EDFEE66A17750205002F886A /* IgrejasRio.sqlite in Resources */,
			);
			runOnlyForDeploymentPostprocessing = 0;
		};
		EDB202A21774892D00AB8CFD /* Resources */ = {
			isa = PBXResourcesBuildPhase;
			buildActionMask = 2147483647;
			files = (
				ED6B2F4917748C1E00EA66D0 /* events.csv in Resources */,
				ED6B2F4A17748C1E00EA66D0 /* igrejas.csv in Resources */,
			);
			runOnlyForDeploymentPostprocessing = 0;
		};
/* End PBXResourcesBuildPhase section */

/* Begin PBXShellScriptBuildPhase section */
		4BB27C7C4C8D465E8DE30D73 /* Check Pods Manifest.lock */ = {
			isa = PBXShellScriptBuildPhase;
			buildActionMask = 2147483647;
			files = (
			);
			inputPaths = (
			);
			name = "Check Pods Manifest.lock";
			outputPaths = (
			);
			runOnlyForDeploymentPostprocessing = 0;
			shellPath = /bin/sh;
			shellScript = "diff \"${PODS_ROOT}/../Podfile.lock\" \"${PODS_ROOT}/Manifest.lock\" > /dev/null\nif [[ $? != 0 ]] ; then\n    cat << EOM\nerror: The sandbox is not in sync with the Podfile.lock. Run 'pod install' or update your CocoaPods installation.\nEOM\n    exit 1\nfi\n";
		};
		B7B62FBE480A4E41BBC324AD /* Copy Pods Resources */ = {
			isa = PBXShellScriptBuildPhase;
			buildActionMask = 2147483647;
			files = (
			);
			inputPaths = (
			);
			name = "Copy Pods Resources";
			outputPaths = (
			);
			runOnlyForDeploymentPostprocessing = 0;
			shellPath = /bin/sh;
			shellScript = "\"${SRCROOT}/Pods/Pods-CSVImporter-resources.sh\"\n";
		};
/* End PBXShellScriptBuildPhase section */

/* Begin PBXSourcesBuildPhase section */
		ED3B144A177485AD00213826 /* Sources */ = {
			isa = PBXSourcesBuildPhase;
			buildActionMask = 2147483647;
			files = (
				ED3B145E177485AD00213826 /* main.m in Sources */,
				ED3B1462177485AD00213826 /* NFAppDelegate.m in Sources */,
				EDD33FB2177486E8000CDF87 /* NFCoreDataStackManager.m in Sources */,
				EDD33FB3177486E8000CDF87 /* NFEvent.m in Sources */,
				EDD33FB4177486E8000CDF87 /* NFIgreja.m in Sources */,
				EDD33FB5177486E8000CDF87 /* NFMonthlyEvent.m in Sources */,
				EDD33FB6177486E8000CDF87 /* NFWeeklyEvent.m in Sources */,
				EDD33FB7177486E8000CDF87 /* NFYearlyEvent.m in Sources */,
				EDD33FBB1774872C000CDF87 /* Model.xcdatamodeld in Sources */,
				EDD33FC717748748000CDF87 /* _NFEvent.m in Sources */,
				EDD33FC817748748000CDF87 /* _NFIgreja.m in Sources */,
				EDD33FC917748748000CDF87 /* _NFMonthlyEvent.m in Sources */,
				EDD33FCA17748748000CDF87 /* _NFWeeklyEvent.m in Sources */,
				EDD33FCB17748748000CDF87 /* _NFYearlyEvent.m in Sources */,
				ED50D50E17788984000C0FB3 /* NFIgrejaListCell.m in Sources */,
				ED50D51117788B54000C0FB3 /* NFIgrejaListViewController.m in Sources */,
				ED50D5151778C5C9000C0FB3 /* NSString+NFNormalizing.m in Sources */,
				EDD967B51779DC8D00F9FC93 /* CLLocation+NFDefaultLocation.m in Sources */,
				EDD967B81779DE3D00F9FC93 /* NFMissaListViewController.m in Sources */,
				EDD967BB1779DEA200F9FC93 /* NFMissaListCell.m in Sources */,
				ED5B62F4177A3AE800068D33 /* _NFDailyEvent.m in Sources */,
				ED5B62F7177A3AF300068D33 /* NFDailyEvent.m in Sources */,
			);
			runOnlyForDeploymentPostprocessing = 0;
		};
		EDB202A01774892D00AB8CFD /* Sources */ = {
			isa = PBXSourcesBuildPhase;
			buildActionMask = 2147483647;
			files = (
				EDB202AF1774892E00AB8CFD /* main.m in Sources */,
				EDB202B31774892E00AB8CFD /* NFAppDelegate.m in Sources */,
				ED6B2F3817748BBE00EA66D0 /* NFCoreDataStackManager+Import.m in Sources */,
				ED6B2F3917748BDD00EA66D0 /* _NFEvent.m in Sources */,
				ED6B2F3A17748BDD00EA66D0 /* _NFIgreja.m in Sources */,
				ED6B2F3B17748BDD00EA66D0 /* _NFMonthlyEvent.m in Sources */,
				ED6B2F3C17748BDD00EA66D0 /* _NFWeeklyEvent.m in Sources */,
				ED6B2F3D17748BDD00EA66D0 /* _NFYearlyEvent.m in Sources */,
				ED6B2F3E17748BDD00EA66D0 /* NFCoreDataStackManager.m in Sources */,
				ED6B2F3F17748BDD00EA66D0 /* NFEvent.m in Sources */,
				ED6B2F4017748BDD00EA66D0 /* NFIgreja.m in Sources */,
				ED6B2F4117748BDD00EA66D0 /* NFMonthlyEvent.m in Sources */,
				ED6B2F4217748BDD00EA66D0 /* NFWeeklyEvent.m in Sources */,
				ED6B2F4317748BDD00EA66D0 /* NFYearlyEvent.m in Sources */,
				ED6B2F4417748BE300EA66D0 /* Model.xcdatamodeld in Sources */,
				EDD967BC177A333400F9FC93 /* NSString+NFNormalizing.m in Sources */,
				ED5B62F8177A3B4900068D33 /* NFDailyEvent.m in Sources */,
				ED5B62F9177A3B5000068D33 /* _NFDailyEvent.m in Sources */,
			);
			runOnlyForDeploymentPostprocessing = 0;
		};
/* End PBXSourcesBuildPhase section */

/* Begin XCBuildConfiguration section */
		ED3B1469177485AD00213826 /* Debug */ = {
			isa = XCBuildConfiguration;
			buildSettings = {
				ALWAYS_SEARCH_USER_PATHS = NO;
				CLANG_CXX_LANGUAGE_STANDARD = "gnu++0x";
				CLANG_CXX_LIBRARY = "libc++";
				CLANG_ENABLE_OBJC_ARC = YES;
				CLANG_WARN_CONSTANT_CONVERSION = YES;
				CLANG_WARN_EMPTY_BODY = YES;
				CLANG_WARN_ENUM_CONVERSION = YES;
				CLANG_WARN_INT_CONVERSION = YES;
				CLANG_WARN__DUPLICATE_METHOD_MATCH = YES;
				"CODE_SIGN_IDENTITY[sdk=iphoneos*]" = "iPhone Developer";
				COPY_PHASE_STRIP = NO;
				GCC_C_LANGUAGE_STANDARD = gnu99;
				GCC_DYNAMIC_NO_PIC = NO;
				GCC_OPTIMIZATION_LEVEL = 0;
				GCC_PREPROCESSOR_DEFINITIONS = (
					"DEBUG=1",
					"$(inherited)",
				);
				GCC_SYMBOLS_PRIVATE_EXTERN = NO;
				GCC_WARN_ABOUT_RETURN_TYPE = YES;
				GCC_WARN_UNINITIALIZED_AUTOS = YES;
				GCC_WARN_UNUSED_VARIABLE = YES;
				IPHONEOS_DEPLOYMENT_TARGET = 6.1;
				ONLY_ACTIVE_ARCH = YES;
				SDKROOT = iphoneos;
			};
			name = Debug;
		};
		ED3B146A177485AD00213826 /* Release */ = {
			isa = XCBuildConfiguration;
			buildSettings = {
				ALWAYS_SEARCH_USER_PATHS = NO;
				CLANG_CXX_LANGUAGE_STANDARD = "gnu++0x";
				CLANG_CXX_LIBRARY = "libc++";
				CLANG_ENABLE_OBJC_ARC = YES;
				CLANG_WARN_CONSTANT_CONVERSION = YES;
				CLANG_WARN_EMPTY_BODY = YES;
				CLANG_WARN_ENUM_CONVERSION = YES;
				CLANG_WARN_INT_CONVERSION = YES;
				CLANG_WARN__DUPLICATE_METHOD_MATCH = YES;
				"CODE_SIGN_IDENTITY[sdk=iphoneos*]" = "iPhone Developer";
				COPY_PHASE_STRIP = YES;
				GCC_C_LANGUAGE_STANDARD = gnu99;
				GCC_WARN_ABOUT_RETURN_TYPE = YES;
				GCC_WARN_UNINITIALIZED_AUTOS = YES;
				GCC_WARN_UNUSED_VARIABLE = YES;
				IPHONEOS_DEPLOYMENT_TARGET = 6.1;
				OTHER_CFLAGS = "-DNS_BLOCK_ASSERTIONS=1";
				SDKROOT = iphoneos;
				VALIDATE_PRODUCT = YES;
			};
			name = Release;
		};
		ED3B146C177485AD00213826 /* Debug */ = {
			isa = XCBuildConfiguration;
			buildSettings = {
				GCC_PRECOMPILE_PREFIX_HEADER = YES;
				GCC_PREFIX_HEADER = "IgrejasRio/IgrejasRio-Prefix.pch";
				INFOPLIST_FILE = "IgrejasRio/IgrejasRio-Info.plist";
				PRODUCT_NAME = "$(TARGET_NAME)";
				WRAPPER_EXTENSION = app;
			};
			name = Debug;
		};
		ED3B146D177485AD00213826 /* Release */ = {
			isa = XCBuildConfiguration;
			buildSettings = {
				GCC_PRECOMPILE_PREFIX_HEADER = YES;
				GCC_PREFIX_HEADER = "IgrejasRio/IgrejasRio-Prefix.pch";
				INFOPLIST_FILE = "IgrejasRio/IgrejasRio-Info.plist";
				PRODUCT_NAME = "$(TARGET_NAME)";
				WRAPPER_EXTENSION = app;
			};
			name = Release;
		};
		EDB202BA1774892E00AB8CFD /* Debug */ = {
			isa = XCBuildConfiguration;
			baseConfigurationReference = 84D4C8D5036043E092B4300C /* Pods-CSVImporter.xcconfig */;
			buildSettings = {
				"CODE_SIGN_IDENTITY[sdk=iphoneos*]" = "iPhone Developer";
				GCC_PRECOMPILE_PREFIX_HEADER = YES;
				GCC_PREFIX_HEADER = "CSVImporter/CSVImporter-Prefix.pch";
				INFOPLIST_FILE = "CSVImporter/CSVImporter-Info.plist";
				PRODUCT_NAME = "$(TARGET_NAME)";
				WRAPPER_EXTENSION = app;
			};
			name = Debug;
		};
		EDB202BB1774892E00AB8CFD /* Release */ = {
			isa = XCBuildConfiguration;
			baseConfigurationReference = 84D4C8D5036043E092B4300C /* Pods-CSVImporter.xcconfig */;
			buildSettings = {
				"CODE_SIGN_IDENTITY[sdk=iphoneos*]" = "iPhone Developer";
				GCC_PRECOMPILE_PREFIX_HEADER = YES;
				GCC_PREFIX_HEADER = "CSVImporter/CSVImporter-Prefix.pch";
				INFOPLIST_FILE = "CSVImporter/CSVImporter-Info.plist";
				PRODUCT_NAME = "$(TARGET_NAME)";
				WRAPPER_EXTENSION = app;
			};
			name = Release;
		};
/* End XCBuildConfiguration section */

/* Begin XCConfigurationList section */
		ED3B1449177485AD00213826 /* Build configuration list for PBXProject "IgrejasRio" */ = {
			isa = XCConfigurationList;
			buildConfigurations = (
				ED3B1469177485AD00213826 /* Debug */,
				ED3B146A177485AD00213826 /* Release */,
			);
			defaultConfigurationIsVisible = 0;
			defaultConfigurationName = Release;
		};
		ED3B146B177485AD00213826 /* Build configuration list for PBXNativeTarget "IgrejasRio" */ = {
			isa = XCConfigurationList;
			buildConfigurations = (
				ED3B146C177485AD00213826 /* Debug */,
				ED3B146D177485AD00213826 /* Release */,
			);
			defaultConfigurationIsVisible = 0;
			defaultConfigurationName = Release;
		};
		EDB202BC1774892E00AB8CFD /* Build configuration list for PBXNativeTarget "CSVImporter" */ = {
			isa = XCConfigurationList;
			buildConfigurations = (
				EDB202BA1774892E00AB8CFD /* Debug */,
				EDB202BB1774892E00AB8CFD /* Release */,
			);
			defaultConfigurationIsVisible = 0;
			defaultConfigurationName = Release;
		};
/* End XCConfigurationList section */

/* Begin XCVersionGroup section */
		EDD33FB91774872C000CDF87 /* Model.xcdatamodeld */ = {
			isa = XCVersionGroup;
			children = (
				EDD33FBA1774872C000CDF87 /* Model.xcdatamodel */,
			);
			currentVersion = EDD33FBA1774872C000CDF87 /* Model.xcdatamodel */;
			path = Model.xcdatamodeld;
			sourceTree = "<group>";
			versionGroupType = wrapper.xcdatamodel;
		};
/* End XCVersionGroup section */
	};
	rootObject = ED3B1446177485AD00213826 /* Project object */;
}
